
Microsoft Visual Studio Solution File, Format Version 12.00
# Visual Studio Version 16
VisualStudioVersion = 16.0.30907.101
MinimumVisualStudioVersion = 10.0.40219.1
Project("{FAE04EC0-301F-11D3-BF4B-00C04F79EFBC}") = "curs2MB", "curs2MB\curs2MB.csproj", "{52540B98-7D29-4152-8173-15C1D6C6BD78}"
EndProject
Project("{FAE04EC0-301F-11D3-BF4B-00C04F79EFBC}") = "res2mb", "res2mb\res2mb.csproj", "{6F56C134-8317-46B9-B0AD-C83C1B6D6546}"
EndProject
Global
	GlobalSection(SolutionConfigurationPlatforms) = preSolution
		Debug|Any CPU = Debug|Any CPU
		Release|Any CPU = Release|Any CPU
	EndGlobalSection
	GlobalSection(ProjectConfigurationPlatforms) = postSolution
		{52540B98-7D29-4152-8173-15C1D6C6BD78}.Debug|Any CPU.ActiveCfg = Debug|Any CPU
		{52540B98-7D29-4152-8173-15C1D6C6BD78}.Debug|Any CPU.Build.0 = Debug|Any CPU
		{52540B98-7D29-4152-8173-15C1D6C6BD78}.Release|Any CPU.ActiveCfg = Release|Any CPU
		{52540B98-7D29-4152-8173-15C1D6C6BD78}.Release|Any CPU.Build.0 = Release|Any CPU
		{6F56C134-8317-46B9-B0AD-C83C1B6D6546}.Debug|Any CPU.ActiveCfg = Debug|Any CPU
		{6F56C134-8317-46B9-B0AD-C83C1B6D6546}.Debug|Any CPU.Build.0 = Debug|Any CPU
		{6F56C134-8317-46B9-B0AD-C83C1B6D6546}.Release|Any CPU.ActiveCfg = Release|Any CPU
		{6F56C134-8317-46B9-B0AD-C83C1B6D6546}.Release|Any CPU.Build.0 = Release|Any CPU
	EndGlobalSection
	GlobalSection(SolutionProperties) = preSolution
		HideSolutionNode = FALSE
	EndGlobalSection
	GlobalSection(ExtensibilityGlobals) = postSolution
		SolutionGuid = {65CB0666-EDD6-457D-91B2-078E33496D40}
	EndGlobalSection
EndGlobal
